
Microsoft Visual Studio Solution File, Format Version 12.00
# Visual Studio Version 16
VisualStudioVersion = 16.0.31729.503
MinimumVisualStudioVersion = 10.0.40219.1
Project("{2150E333-8FDC-42A3-9474-1A3956D46DE8}") = "src", "src", "{E81BD97A-5849-4145-A5E2-9F99B754FA19}"
EndProject
Project("{2150E333-8FDC-42A3-9474-1A3956D46DE8}") = "Models", "Models", "{5281D978-2402-4AAA-A036-171928C33101}"
EndProject
Project("{2150E333-8FDC-42A3-9474-1A3956D46DE8}") = "Resources", "Resources", "{B6D1A9E7-5E58-4338-9800-592B27C6220C}"
EndProject
Project("{2150E333-8FDC-42A3-9474-1A3956D46DE8}") = "Services", "Services", "{14A4C3F8-05F2-4181-B39C-9BDB614F6817}"
EndProject
Project("{9A19103F-16F7-4668-BE54-9A1E7A4F7556}") = "SNewsMVC", "src\SNewsMVC\SNewsMVC.csproj", "{B46F9DC2-9ED8-4AAA-9069-D8F13E338DA3}"
EndProject
Project("{FAE04EC0-301F-11D3-BF4B-00C04F79EFBC}") = "SNewsMVC.DataModel", "src\SNewsMVC.DataModel\SNewsMVC.DataModel.csproj", "{5A9FF2FE-8529-4733-A621-DF97624307E5}"
EndProject
Project("{FAE04EC0-301F-11D3-BF4B-00C04F79EFBC}") = "SNewsMVC.Resource", "src\SNewsMVC.Resource\SNewsMVC.Resource.csproj", "{B2C2D8AA-5152-470A-8732-FECBA15EFCB7}"
EndProject
Project("{FAE04EC0-301F-11D3-BF4B-00C04F79EFBC}") = "SNewsMVC.Services", "src\SNewsMVC.Services\SNewsMVC.Services.csproj", "{3B27798D-C049-4365-9807-094333AF904D}"
EndProject
Project("{FAE04EC0-301F-11D3-BF4B-00C04F79EFBC}") = "SNewsMVC.Services.Interfaces", "src\SNewsMVC.Services.Interfaces\SNewsMVC.Services.Interfaces.csproj", "{4E34479A-8B7B-4D5E-8DD9-F41F5BBBF5AC}"
EndProject
Global
	GlobalSection(SolutionConfigurationPlatforms) = preSolution
		Debug|Any CPU = Debug|Any CPU
		Release|Any CPU = Release|Any CPU
	EndGlobalSection
	GlobalSection(ProjectConfigurationPlatforms) = postSolution
		{B46F9DC2-9ED8-4AAA-9069-D8F13E338DA3}.Debug|Any CPU.ActiveCfg = Debug|Any CPU
		{B46F9DC2-9ED8-4AAA-9069-D8F13E338DA3}.Debug|Any CPU.Build.0 = Debug|Any CPU
		{B46F9DC2-9ED8-4AAA-9069-D8F13E338DA3}.Release|Any CPU.ActiveCfg = Release|Any CPU
		{B46F9DC2-9ED8-4AAA-9069-D8F13E338DA3}.Release|Any CPU.Build.0 = Release|Any CPU
		{5A9FF2FE-8529-4733-A621-DF97624307E5}.Debug|Any CPU.ActiveCfg = Debug|Any CPU
		{5A9FF2FE-8529-4733-A621-DF97624307E5}.Debug|Any CPU.Build.0 = Debug|Any CPU
		{5A9FF2FE-8529-4733-A621-DF97624307E5}.Release|Any CPU.ActiveCfg = Release|Any CPU
		{5A9FF2FE-8529-4733-A621-DF97624307E5}.Release|Any CPU.Build.0 = Release|Any CPU
		{B2C2D8AA-5152-470A-8732-FECBA15EFCB7}.Debug|Any CPU.ActiveCfg = Debug|Any CPU
		{B2C2D8AA-5152-470A-8732-FECBA15EFCB7}.Debug|Any CPU.Build.0 = Debug|Any CPU
		{B2C2D8AA-5152-470A-8732-FECBA15EFCB7}.Release|Any CPU.ActiveCfg = Release|Any CPU
		{B2C2D8AA-5152-470A-8732-FECBA15EFCB7}.Release|Any CPU.Build.0 = Release|Any CPU
		{3B27798D-C049-4365-9807-094333AF904D}.Debug|Any CPU.ActiveCfg = Debug|Any CPU
		{3B27798D-C049-4365-9807-094333AF904D}.Debug|Any CPU.Build.0 = Debug|Any CPU
		{3B27798D-C049-4365-9807-094333AF904D}.Release|Any CPU.ActiveCfg = Release|Any CPU
		{3B27798D-C049-4365-9807-094333AF904D}.Release|Any CPU.Build.0 = Release|Any CPU
		{4E34479A-8B7B-4D5E-8DD9-F41F5BBBF5AC}.Debug|Any CPU.ActiveCfg = Debug|Any CPU
		{4E34479A-8B7B-4D5E-8DD9-F41F5BBBF5AC}.Debug|Any CPU.Build.0 = Debug|Any CPU
		{4E34479A-8B7B-4D5E-8DD9-F41F5BBBF5AC}.Release|Any CPU.ActiveCfg = Release|Any CPU
		{4E34479A-8B7B-4D5E-8DD9-F41F5BBBF5AC}.Release|Any CPU.Build.0 = Release|Any CPU
	EndGlobalSection
	GlobalSection(SolutionProperties) = preSolution
		HideSolutionNode = FALSE
	EndGlobalSection
	GlobalSection(NestedProjects) = preSolution
		{5281D978-2402-4AAA-A036-171928C33101} = {E81BD97A-5849-4145-A5E2-9F99B754FA19}
		{B6D1A9E7-5E58-4338-9800-592B27C6220C} = {E81BD97A-5849-4145-A5E2-9F99B754FA19}
		{14A4C3F8-05F2-4181-B39C-9BDB614F6817} = {E81BD97A-5849-4145-A5E2-9F99B754FA19}
		{B46F9DC2-9ED8-4AAA-9069-D8F13E338DA3} = {E81BD97A-5849-4145-A5E2-9F99B754FA19}
		{5A9FF2FE-8529-4733-A621-DF97624307E5} = {5281D978-2402-4AAA-A036-171928C33101}
		{B2C2D8AA-5152-470A-8732-FECBA15EFCB7} = {B6D1A9E7-5E58-4338-9800-592B27C6220C}
		{3B27798D-C049-4365-9807-094333AF904D} = {14A4C3F8-05F2-4181-B39C-9BDB614F6817}
		{4E34479A-8B7B-4D5E-8DD9-F41F5BBBF5AC} = {14A4C3F8-05F2-4181-B39C-9BDB614F6817}
	EndGlobalSection
	GlobalSection(ExtensibilityGlobals) = postSolution
		SolutionGuid = {2443FF9A-65B7-4A4F-A717-D75385A478B5}
	EndGlobalSection
EndGlobal
